
Microsoft Visual Studio Solution File, Format Version 12.00
# Visual Studio Version 16
VisualStudioVersion = 16.0.29905.134
MinimumVisualStudioVersion = 10.0.40219.1
Project("{FAE04EC0-301F-11D3-BF4B-00C04F79EFBC}") = "Dextest.Android", "Dextest\Dextest.Android\Dextest.Android.csproj", "{3EDE6B1E-ED82-42D2-A150-EC572FD1678D}"
EndProject
Project("{FAE04EC0-301F-11D3-BF4B-00C04F79EFBC}") = "Dextest", "Dextest\Dextest\Dextest.csproj", "{D3890444-B5C4-4708-9DC8-E03AEEF2A1C5}"
EndProject
Global
	GlobalSection(SolutionConfigurationPlatforms) = preSolution
		Debug|Any CPU = Debug|Any CPU
		Debug|iPhone = Debug|iPhone
		Debug|iPhoneSimulator = Debug|iPhoneSimulator
		Release|Any CPU = Release|Any CPU
		Release|iPhone = Release|iPhone
		Release|iPhoneSimulator = Release|iPhoneSimulator
	EndGlobalSection
	GlobalSection(ProjectConfigurationPlatforms) = postSolution
		{3EDE6B1E-ED82-42D2-A150-EC572FD1678D}.Debug|Any CPU.ActiveCfg = Debug|Any CPU
		{3EDE6B1E-ED82-42D2-A150-EC572FD1678D}.Debug|Any CPU.Build.0 = Debug|Any CPU
		{3EDE6B1E-ED82-42D2-A150-EC572FD1678D}.Debug|Any CPU.Deploy.0 = Debug|Any CPU
		{3EDE6B1E-ED82-42D2-A150-EC572FD1678D}.Debug|iPhone.ActiveCfg = Debug|Any CPU
		{3EDE6B1E-ED82-42D2-A150-EC572FD1678D}.Debug|iPhone.Build.0 = Debug|Any CPU
		{3EDE6B1E-ED82-42D2-A150-EC572FD1678D}.Debug|iPhone.Deploy.0 = Debug|Any CPU
		{3EDE6B1E-ED82-42D2-A150-EC572FD1678D}.Debug|iPhoneSimulator.ActiveCfg = Debug|Any CPU
		{3EDE6B1E-ED82-42D2-A150-EC572FD1678D}.Debug|iPhoneSimulator.Build.0 = Debug|Any CPU
		{3EDE6B1E-ED82-42D2-A150-EC572FD1678D}.Debug|iPhoneSimulator.Deploy.0 = Debug|Any CPU
		{3EDE6B1E-ED82-42D2-A150-EC572FD1678D}.Release|Any CPU.ActiveCfg = Release|Any CPU
		{3EDE6B1E-ED82-42D2-A150-EC572FD1678D}.Release|Any CPU.Build.0 = Release|Any CPU
		{3EDE6B1E-ED82-42D2-A150-EC572FD1678D}.Release|Any CPU.Deploy.0 = Release|Any CPU
		{3EDE6B1E-ED82-42D2-A150-EC572FD1678D}.Release|iPhone.ActiveCfg = Release|Any CPU
		{3EDE6B1E-ED82-42D2-A150-EC572FD1678D}.Release|iPhone.Build.0 = Release|Any CPU
		{3EDE6B1E-ED82-42D2-A150-EC572FD1678D}.Release|iPhone.Deploy.0 = Release|Any CPU
		{3EDE6B1E-ED82-42D2-A150-EC572FD1678D}.Release|iPhoneSimulator.ActiveCfg = Release|Any CPU
		{3EDE6B1E-ED82-42D2-A150-EC572FD1678D}.Release|iPhoneSimulator.Build.0 = Release|Any CPU
		{3EDE6B1E-ED82-42D2-A150-EC572FD1678D}.Release|iPhoneSimulator.Deploy.0 = Release|Any CPU
		{D3890444-B5C4-4708-9DC8-E03AEEF2A1C5}.Debug|Any CPU.ActiveCfg = Debug|Any CPU
		{D3890444-B5C4-4708-9DC8-E03AEEF2A1C5}.Debug|Any CPU.Build.0 = Debug|Any CPU
		{D3890444-B5C4-4708-9DC8-E03AEEF2A1C5}.Debug|Any CPU.Deploy.0 = Debug|Any CPU
		{D3890444-B5C4-4708-9DC8-E03AEEF2A1C5}.Debug|iPhone.ActiveCfg = Debug|Any CPU
		{D3890444-B5C4-4708-9DC8-E03AEEF2A1C5}.Debug|iPhone.Build.0 = Debug|Any CPU
		{D3890444-B5C4-4708-9DC8-E03AEEF2A1C5}.Debug|iPhone.Deploy.0 = Debug|Any CPU
		{D3890444-B5C4-4708-9DC8-E03AEEF2A1C5}.Debug|iPhoneSimulator.ActiveCfg = Debug|Any CPU
		{D3890444-B5C4-4708-9DC8-E03AEEF2A1C5}.Debug|iPhoneSimulator.Build.0 = Debug|Any CPU
		{D3890444-B5C4-4708-9DC8-E03AEEF2A1C5}.Debug|iPhoneSimulator.Deploy.0 = Debug|Any CPU
		{D3890444-B5C4-4708-9DC8-E03AEEF2A1C5}.Release|Any CPU.ActiveCfg = Release|Any CPU
		{D3890444-B5C4-4708-9DC8-E03AEEF2A1C5}.Release|Any CPU.Build.0 = Release|Any CPU
		{D3890444-B5C4-4708-9DC8-E03AEEF2A1C5}.Release|Any CPU.Deploy.0 = Release|Any CPU
		{D3890444-B5C4-4708-9DC8-E03AEEF2A1C5}.Release|iPhone.ActiveCfg = Release|Any CPU
		{D3890444-B5C4-4708-9DC8-E03AEEF2A1C5}.Release|iPhone.Build.0 = Release|Any CPU
		{D3890444-B5C4-4708-9DC8-E03AEEF2A1C5}.Release|iPhone.Deploy.0 = Release|Any CPU
		{D3890444-B5C4-4708-9DC8-E03AEEF2A1C5}.Release|iPhoneSimulator.ActiveCfg = Release|Any CPU
		{D3890444-B5C4-4708-9DC8-E03AEEF2A1C5}.Release|iPhoneSimulator.Build.0 = Release|Any CPU
		{D3890444-B5C4-4708-9DC8-E03AEEF2A1C5}.Release|iPhoneSimulator.Deploy.0 = Release|Any CPU
	EndGlobalSection
	GlobalSection(SolutionProperties) = preSolution
		HideSolutionNode = FALSE
	EndGlobalSection
	GlobalSection(ExtensibilityGlobals) = postSolution
		SolutionGuid = {59DB776D-6F17-4AE8-94ED-1CD6EC81C3FE}
	EndGlobalSection
EndGlobal
